
Microsoft Visual Studio Solution File, Format Version 12.00
# Visual Studio Version 16
VisualStudioVersion = 16.0.31911.196
MinimumVisualStudioVersion = 10.0.40219.1
Project("{9A19103F-16F7-4668-BE54-9A1E7A4F7556}") = "Net lab 1", "Net lab 1\Net lab 1.csproj", "{D2642761-305B-40AD-9045-C4C01DDB189F}"
EndProject
Project("{FAE04EC0-301F-11D3-BF4B-00C04F79EFBC}") = "TestProject1", "TestProject1\TestProject1.csproj", "{531CE190-8C9A-4452-893D-B200812A714C}"
EndProject
Global
	GlobalSection(SolutionConfigurationPlatforms) = preSolution
		Debug|Any CPU = Debug|Any CPU
		Release|Any CPU = Release|Any CPU
	EndGlobalSection
	GlobalSection(ProjectConfigurationPlatforms) = postSolution
		{D2642761-305B-40AD-9045-C4C01DDB189F}.Debug|Any CPU.ActiveCfg = Debug|Any CPU
		{D2642761-305B-40AD-9045-C4C01DDB189F}.Debug|Any CPU.Build.0 = Debug|Any CPU
		{D2642761-305B-40AD-9045-C4C01DDB189F}.Release|Any CPU.ActiveCfg = Release|Any CPU
		{D2642761-305B-40AD-9045-C4C01DDB189F}.Release|Any CPU.Build.0 = Release|Any CPU
		{531CE190-8C9A-4452-893D-B200812A714C}.Debug|Any CPU.ActiveCfg = Debug|Any CPU
		{531CE190-8C9A-4452-893D-B200812A714C}.Debug|Any CPU.Build.0 = Debug|Any CPU
		{531CE190-8C9A-4452-893D-B200812A714C}.Release|Any CPU.ActiveCfg = Release|Any CPU
		{531CE190-8C9A-4452-893D-B200812A714C}.Release|Any CPU.Build.0 = Release|Any CPU
	EndGlobalSection
	GlobalSection(SolutionProperties) = preSolution
		HideSolutionNode = FALSE
	EndGlobalSection
	GlobalSection(ExtensibilityGlobals) = postSolution
		SolutionGuid = {271E625B-01F6-4AC2-8829-35FC01AFE877}
	EndGlobalSection
EndGlobal
